{
  "object": {
    "pins": [
      {
        "package": "Realm",
        "repositoryURL": "https://github.com/realm/realm-cocoa.git",
        "state": {
          "branch": null,
          "revision": "11ac74e1cc1faec1cad0e6a9a41652ef1432d4c1",
          "version": "5.5.0"
        }
      },
      {
        "package": "RealmCore",
        "repositoryURL": "https://github.com/realm/realm-core",
        "state": {
          "branch": null,
          "revision": "612057010f5521d41559970306054f4c5b12632a",
          "version": "6.1.4"
        }
      },
      {
        "package": "RuntimeNew",
        "repositoryURL": "https://github.com/arturdev/RuntimeNew.git",
        "state": {
          "branch": null,
          "revision": "39c7cf5b9a683c2dff931352617101304d283ad6",
          "version": "2.1.7"
        }
      },
      {
        "package": "Unrealm",
        "repositoryURL": "https://github.com/arturdev/Unrealm",
        "state": {
          "branch": "SPM",
          "revision": "4298e6cd956b4915d83a65f1fe946c062ff53c9a",
          "version": null
        }
      }
    ]
  },
  "version": 1
}
